// !$*UTF8*$!
{
	archiveVersion = 1;
	classes = {
	};
	objectVersion = 56;
	objects = {

/* Begin PBXBuildFile section */
		00E100022B5F000100000000 /* MyScannerApp.swift in Sources */ = {isa = PBXBuildFile; fileRef = 00E100012B5F000100000000 /* MyScannerApp.swift */; };
		00E100042B5F000200000000 /* ContentView.swift in Sources */ = {isa = PBXBuildFile; fileRef = 00E100032B5F000200000000 /* ContentView.swift */; };
/* End PBXBuildFile section */

/* Begin PBXFileReference section */
		00E100012B5F000100000000 /* MyScannerApp.swift */ = {isa = PBXFileReference; lastKnownFileType = sourcecode.swift; path = MyScannerApp.swift; sourceTree = "<group>"; };
		00E100032B5F000200000000 /* ContentView.swift */ = {isa = PBXFileReference; lastKnownFileType = sourcecode.swift; path = ContentView.swift; sourceTree = "<group>"; };
		00E100052B5F000300000000 /* Info.plist */ = {isa = PBXFileReference; lastKnownFileType = text.plist.xml; path = Info.plist; sourceTree = "<group>"; };
		00E100062B5F000400000000 /* MyScanner.app */ = {isa = PBXFileReference; explicitFileType = wrapper.application; includeInIndex = 0; path = MyScanner.app; sourceTree = BUILT_PRODUCTS_DIR; };
/* End PBXFileReference section */

/* Begin PBXGroup section */
		00E100002B5F000000000000 = {
			isa = PBXGroup;
			children = (
				00E100012B5F000100000000 /* MyScannerApp.swift */,
				00E100032B5F000200000000 /* ContentView.swift */,
				00E100052B5F000300000000 /* Info.plist */,
				00E100072B5F000500000000 /* Products */,
			);
			sourceTree = "<group>";
		};
		00E100072B5F000500000000 /* Products */ = {
			isa = PBXGroup;
			children = (
				00E100062B5F000400000000 /* MyScanner.app */,
			);
			name = Products;
			sourceTree = "<group>";
		};
/* End PBXGroup section */

/* Begin PBXNativeTarget section */
		00E100082B5F000600000000 /* MyScanner */ = {
			isa = PBXNativeTarget;
			buildConfigurationList = 00E1000B2B5F000700000000 /* Build configuration list for PBXNativeTarget "MyScanner" */;
			buildPhases = (
				00E100092B5F000800000000 /* Sources */,
			);
			buildRules = (
			);
			dependencies = (
			);
			name = MyScanner;
			productName = MyScanner;
			productReference = 00E100062B5F000400000000 /* MyScanner.app */;
			productType = "com.apple.product-type.application";
		};
/* End PBXNativeTarget section */

/* Begin PBXProject section */
		00E1000C2B5F000900000000 /* Project object */ = {
			isa = PBXProject;
			attributes = {
				LastSwiftUpdateCheck = 1500;
				TargetAttributes = {
					00E100082B5F000600000000 = {
						CreatedOnToolsVersion = 15.0;
					};
				};
			};
			buildConfigurationList = 00E1000D2B5F000A00000000 /* Build configuration list for PBXProject "MyScanner" */;
			compatibilityVersion = "Xcode 14.0";
			developmentRegion = en;
			hasScannedForEncodings = 0;
			knownRegions = (
				en,
				Base,
			);
			mainGroup = 00E100002B5F000000000000;
			productRefGroup = 00E100072B5F000500000000 /* Products */;
			projectDirPath = "";
			projectRoot = "";
			targets = (
				00E100082B5F000600000000 /* MyScanner */,
			);
		};
/* End PBXProject section */

/* Begin PBXSourcesBuildPhase section */
		00E100092B5F000800000000 /* Sources */ = {
			isa = PBXSourcesBuildPhase;
			buildActionMask = 2147483647;
			files = (
				00E100022B5F000100000000 /* MyScannerApp.swift in Sources */,
				00E100042B5F000200000000 /* ContentView.swift in Sources */,
			);
			runOnlyForDeploymentPostprocessing = 0;
		};
/* End PBXSourcesBuildPhase section */

/* Begin XCBuildConfiguration section */
		00E1000E2B5F000B00000000 /* Debug */ = {
			isa = XCBuildConfiguration;
			buildSettings = {
				ALWAYS_SEARCH_USER_PATHS = NO;
				CLANG_ANALYZER_NONNULL = YES;
				CLANG_CXX_LANGUAGE_STANDARD = "gnu++20";
				CLANG_ENABLE_MODULES = YES;
				CLANG_ENABLE_OBJC_ARC = YES;
				CODE_SIGN_STYLE = Manual;
				COPY_PHASE_STRIP = NO;
				ENABLE_STRICT_OBJC_MSGSEND = YES;
				GCC_C_LANGUAGE_STANDARD = gnu11;
				GCC_DYNAMIC_NO_PIC = NO;
				GCC_OPTIMIZATION_LEVEL = 0;
				GCC_PREPROCESSOR_DEFINITIONS = (
					"DEBUG=1",
					"$(inherited)",
				);
				IPHONEOS_DEPLOYMENT_TARGET = 16.0;
				MTL_ENABLE_DEBUG_INFO = INCLUDE_SOURCE;
				SDKROOT = iphoneos;
				SWIFT_ACTIVE_COMPILATION_CONDITIONS = DEBUG;
				SWIFT_OPTIMIZATION_LEVEL = "-Onone";
			};
			name = Debug;
		};
		00E1000F2B5F000C00000000 /* Release */ = {
			isa = XCBuildConfiguration;
			buildSettings = {
				ALWAYS_SEARCH_USER_PATHS = NO;
				CLANG_ANALYZER_NONNULL = YES;
				CLANG_CXX_LANGUAGE_STANDARD = "gnu++20";
				CLANG_ENABLE_MODULES = YES;
				CLANG_ENABLE_OBJC_ARC = YES;
				CODE_SIGN_STYLE = Manual;
				COPY_PHASE_STRIP = YES;
				ENABLE_STRICT_OBJC_MSGSEND = YES;
				GCC_C_LANGUAGE_STANDARD = gnu11;
				IPHONEOS_DEPLOYMENT_TARGET = 16.0;
				MTL_ENABLE_DEBUG_INFO = NO;
				SDKROOT = iphoneos;
				SWIFT_COMPILATION_MODE = wholemodule;
				SWIFT_OPTIMIZATION_LEVEL = "-O";
				VALIDATE_PRODUCT = YES;
			};
			name = Release;
		} ;
		00E100102B5F000D00000000 /* Debug */ = {
			isa = XCBuildConfiguration;
			buildSettings = {
				ASSETCATALOG_COMPILER_APPICON_NAME = AppIcon;
				GENERATE_INFOPLIST_FILE = NO;
				INFOPLIST_FILE = Info.plist;
				LD_RUNPATH_SEARCH_PATHS = (
					"$(inherited)",
					"@executable_path/Frameworks",
				);
				MARKETING_VERSION = 1.0;
				PRODUCT_BUNDLE_IDENTIFIER = com.geek.myscanner;
				PRODUCT_NAME = "$(TARGET_NAME)";
				SWIFT_VERSION = 5.0;
				TARGETED_DEVICE_FAMILY = "1,2";
			};
			name = Debug;
		};
		00E100112B5F000E00000000 /* Release */ = {
			isa = XCBuildConfiguration;
			buildSettings = {
				ASSETCATALOG_COMPILER_APPICON_NAME = AppIcon;
				GENERATE_INFOPLIST_FILE = NO;
				INFOPLIST_FILE = Info.plist;
				LD_RUNPATH_SEARCH_PATHS = (
					"$(inherited)",
					"@executable_path/Frameworks",
				);
				MARKETING_VERSION = 1.0;
				PRODUCT_BUNDLE_IDENTIFIER = com.geek.myscanner;
				PRODUCT_NAME = "$(TARGET_NAME)";
				SWIFT_VERSION = 5.0;
				TARGETED_DEVICE_FAMILY = "1,2";
			};
			name = Release;
		};
/* End XCBuildConfiguration section */

/* Begin XCConfigurationList section */
		00E1000B2B5F000700000000 /* Build configuration list for PBXNativeTarget "MyScanner" */ = {
			isa = XCConfigurationList;
			buildConfigurations = (
				00E100102B5F000D00000000 /* Debug */,
				00E100112B5F000E00000000 /* Release */,
			);
			defaultConfigurationIsVisible = 0;
			defaultConfigurationName = Release;
		};
		00E1000D2B5F000A00000000 /* Build configuration list for PBXProject "MyScanner" */ = {
			isa = XCConfigurationList;
			buildConfigurations = (
				00E1000E2B5F000B00000000 /* Debug */,
				00E1000F2B5F000C00000000 /* Release */,
			);
			defaultConfigurationIsVisible = 0;
			defaultConfigurationName = Release;
		};
/* End XCConfigurationList section */
	};
	rootObject = 00E1000C2B5F000900000000 /* Project object */;
}
